{
  "name": "matter",
  "version": "1.0.0",
  "lockfileVersion": 2,
  "requires": true,
  "packages": {
    "": {
      "version": "1.0.0",
      "license": "ISC",
      "dependencies": {
        "matter-js": "^0.17.1",
        "pixi.js": "^5.2.0"
      }
    },
    "node_modules/@pixi/accessibility": {
      "version": "5.3.9",
      "resolved": "https://registry.nlark.com/@pixi/accessibility/download/@pixi/accessibility-5.3.9.tgz",
      "integrity": "sha1-wJHOSPWrRqMCb0a8hs+MCTKaYR4=",
      "dependencies": {
        "@pixi/core": "5.3.9",
        "@pixi/display": "5.3.9",
        "@pixi/utils": "5.3.9"
      }
    },
    "node_modules/@pixi/app": {
      "version": "5.3.9",
      "resolved": "https://registry.nlark.com/@pixi/app/download/@pixi/app-5.3.9.tgz",
      "integrity": "sha1-0h6eDMF2cco4NlKnY0Zx9A/91VA=",
      "dependencies": {
        "@pixi/core": "5.3.9",
        "@pixi/display": "5.3.9"
      }
    },
    "node_modules/@pixi/constants": {
      "version": "5.3.9",
      "resolved": "https://registry.nlark.com/@pixi/constants/download/@pixi/constants-5.3.9.tgz",
      "integrity": "sha1-WHvtfxEJdbCwrGKOa0QRqlgvfgA="
    },
    "node_modules/@pixi/core": {
      "version": "5.3.9",
      "resolved": "https://registry.nlark.com/@pixi/core/download/@pixi/core-5.3.9.tgz",
      "integrity": "sha1-18YVaZssw4PthC2TUKKRoTvHCxA=",
      "dependencies": {
        "@pixi/constants": "5.3.9",
        "@pixi/math": "5.3.9",
        "@pixi/runner": "5.3.9",
        "@pixi/settings": "5.3.9",
        "@pixi/ticker": "5.3.9",
        "@pixi/utils": "5.3.9"
      }
    },
    "node_modules/@pixi/display": {
      "version": "5.3.9",
      "resolved": "https://registry.nlark.com/@pixi/display/download/@pixi/display-5.3.9.tgz",
      "integrity": "sha1-xnmcFIzvUW9yGPFGPxzqyO4A4o0=",
      "dependencies": {
        "@pixi/math": "5.3.9",
        "@pixi/settings": "5.3.9",
        "@pixi/utils": "5.3.9"
      }
    },
    "node_modules/@pixi/extract": {
      "version": "5.3.9",
      "resolved": "https://registry.nlark.com/@pixi/extract/download/@pixi/extract-5.3.9.tgz",
      "integrity": "sha1-ZDBL+SQxHR7BMN30IaofSsX3sUQ=",
      "dependencies": {
        "@pixi/core": "5.3.9",
        "@pixi/math": "5.3.9",
        "@pixi/utils": "5.3.9"
      }
    },
    "node_modules/@pixi/filter-alpha": {
      "version": "5.3.9",
      "resolved": "https://registry.nlark.com/@pixi/filter-alpha/download/@pixi/filter-alpha-5.3.9.tgz",
      "integrity": "sha1-QJ4yL0Rm3f0M42RRHzO+OwQ31F8=",
      "dependencies": {
        "@pixi/core": "5.3.9"
      }
    },
    "node_modules/@pixi/filter-blur": {
      "version": "5.3.9",
      "resolved": "https://registry.nlark.com/@pixi/filter-blur/download/@pixi/filter-blur-5.3.9.tgz",
      "integrity": "sha1-mbuiK1fTa8Ly915/Rv3f0JVkBdY=",
      "dependencies": {
        "@pixi/core": "5.3.9",
        "@pixi/settings": "5.3.9"
      }
    },
    "node_modules/@pixi/filter-color-matrix": {
      "version": "5.3.9",
      "resolved": "https://registry.nlark.com/@pixi/filter-color-matrix/download/@pixi/filter-color-matrix-5.3.9.tgz",
      "integrity": "sha1-JpFM5Fz+vJgGdDX9QnVfRFSiiHc=",
      "dependencies": {
        "@pixi/core": "5.3.9"
      }
    },
    "node_modules/@pixi/filter-displacement": {
      "version": "5.3.9",
      "resolved": "https://registry.nlark.com/@pixi/filter-displacement/download/@pixi/filter-displacement-5.3.9.tgz",
      "integrity": "sha1-G9LH7wBiB2ZN5fZEv/zHGhDVhxY=",
      "dependencies": {
        "@pixi/core": "5.3.9",
        "@pixi/math": "5.3.9"
      }
    },
    "node_modules/@pixi/filter-fxaa": {
      "version": "5.3.9",
      "resolved": "https://registry.nlark.com/@pixi/filter-fxaa/download/@pixi/filter-fxaa-5.3.9.tgz",
      "integrity": "sha1-/mMCPJ8L1jvtMq2R9Ul2Q3tQAvE=",
      "dependencies": {
        "@pixi/core": "5.3.9"
      }
    },
    "node_modules/@pixi/filter-noise": {
      "version": "5.3.9",
      "resolved": "https://registry.nlark.com/@pixi/filter-noise/download/@pixi/filter-noise-5.3.9.tgz",
      "integrity": "sha1-f2cPoqg4NYB4/angueyljEQHEyE=",
      "dependencies": {
        "@pixi/core": "5.3.9"
      }
    },
    "node_modules/@pixi/graphics": {
      "version": "5.3.9",
      "resolved": "https://registry.nlark.com/@pixi/graphics/download/@pixi/graphics-5.3.9.tgz",
      "integrity": "sha1-v5qORHqli3UyYpGpYeWT3OSFLYc=",
      "dependencies": {
        "@pixi/constants": "5.3.9",
        "@pixi/core": "5.3.9",
        "@pixi/display": "5.3.9",
        "@pixi/math": "5.3.9",
        "@pixi/sprite": "5.3.9",
        "@pixi/utils": "5.3.9"
      }
    },
    "node_modules/@pixi/interaction": {
      "version": "5.3.9",
      "resolved": "https://registry.nlark.com/@pixi/interaction/download/@pixi/interaction-5.3.9.tgz",
      "integrity": "sha1-t0jW4LhRfFCFSgruqQ/6W3iBc/4=",
      "dependencies": {
        "@pixi/core": "5.3.9",
        "@pixi/display": "5.3.9",
        "@pixi/math": "5.3.9",
        "@pixi/ticker": "5.3.9",
        "@pixi/utils": "5.3.9"
      }
    },
    "node_modules/@pixi/loaders": {
      "version": "5.3.9",
      "resolved": "https://registry.nlark.com/@pixi/loaders/download/@pixi/loaders-5.3.9.tgz",
      "integrity": "sha1-hIytLlRfQrzj+ehBtVDzKGO0lG4=",
      "dependencies": {
        "@pixi/core": "5.3.9",
        "@pixi/utils": "5.3.9",
        "resource-loader": "^3.0.1"
      }
    },
    "node_modules/@pixi/math": {
      "version": "5.3.9",
      "resolved": "https://registry.nlark.com/@pixi/math/download/@pixi/math-5.3.9.tgz",
      "integrity": "sha1-an3r2uy4L1TgXSqixHBXdXAJvlQ="
    },
    "node_modules/@pixi/mesh": {
      "version": "5.3.9",
      "resolved": "https://registry.nlark.com/@pixi/mesh/download/@pixi/mesh-5.3.9.tgz",
      "integrity": "sha1-HAGvKwc7fpbMzi/4CeSVrM1OVM0=",
      "dependencies": {
        "@pixi/constants": "5.3.9",
        "@pixi/core": "5.3.9",
        "@pixi/display": "5.3.9",
        "@pixi/math": "5.3.9",
        "@pixi/settings": "5.3.9",
        "@pixi/utils": "5.3.9"
      }
    },
    "node_modules/@pixi/mesh-extras": {
      "version": "5.3.9",
      "resolved": "https://registry.nlark.com/@pixi/mesh-extras/download/@pixi/mesh-extras-5.3.9.tgz",
      "integrity": "sha1-wiGf7pyWO5KRr1czG/g+K8PweZE=",
      "dependencies": {
        "@pixi/constants": "5.3.9",
        "@pixi/core": "5.3.9",
        "@pixi/math": "5.3.9",
        "@pixi/mesh": "5.3.9",
        "@pixi/utils": "5.3.9"
      }
    },
    "node_modules/@pixi/mixin-cache-as-bitmap": {
      "version": "5.3.9",
      "resolved": "https://registry.nlark.com/@pixi/mixin-cache-as-bitmap/download/@pixi/mixin-cache-as-bitmap-5.3.9.tgz",
      "integrity": "sha1-pp/CDLBeqw1MCWIBlaZSzPShP/4=",
      "dependencies": {
        "@pixi/core": "5.3.9",
        "@pixi/display": "5.3.9",
        "@pixi/math": "5.3.9",
        "@pixi/settings": "5.3.9",
        "@pixi/sprite": "5.3.9",
        "@pixi/utils": "5.3.9"
      }
    },
    "node_modules/@pixi/mixin-get-child-by-name": {
      "version": "5.3.9",
      "resolved": "https://registry.nlark.com/@pixi/mixin-get-child-by-name/download/@pixi/mixin-get-child-by-name-5.3.9.tgz",
      "integrity": "sha1-pf61Ai+WkbnJpSIdpRIgLCFb938=",
      "dependencies": {
        "@pixi/display": "5.3.9"
      }
    },
    "node_modules/@pixi/mixin-get-global-position": {
      "version": "5.3.9",
      "resolved": "https://registry.nlark.com/@pixi/mixin-get-global-position/download/@pixi/mixin-get-global-position-5.3.9.tgz",
      "integrity": "sha1-qMN2O6fF2hGdLGarn27W27QmoeA=",
      "dependencies": {
        "@pixi/display": "5.3.9",
        "@pixi/math": "5.3.9"
      }
    },
    "node_modules/@pixi/particles": {
      "version": "5.3.9",
      "resolved": "https://registry.nlark.com/@pixi/particles/download/@pixi/particles-5.3.9.tgz",
      "integrity": "sha1-nqzxWngD0DlHTYiYRKPyUiE72so=",
      "dependencies": {
        "@pixi/constants": "5.3.9",
        "@pixi/core": "5.3.9",
        "@pixi/display": "5.3.9",
        "@pixi/math": "5.3.9",
        "@pixi/utils": "5.3.9"
      }
    },
    "node_modules/@pixi/polyfill": {
      "version": "5.3.9",
      "resolved": "https://registry.nlark.com/@pixi/polyfill/download/@pixi/polyfill-5.3.9.tgz",
      "integrity": "sha1-+coFoiOcWIZYf5e4v0svorNA5jA=",
      "dependencies": {
        "es6-promise-polyfill": "^1.2.0",
        "object-assign": "^4.1.1"
      }
    },
    "node_modules/@pixi/prepare": {
      "version": "5.3.9",
      "resolved": "https://registry.nlark.com/@pixi/prepare/download/@pixi/prepare-5.3.9.tgz",
      "integrity": "sha1-CDzXyJ7kBEV87+usWPcrqzWcDBw=",
      "dependencies": {
        "@pixi/core": "5.3.9",
        "@pixi/display": "5.3.9",
        "@pixi/graphics": "5.3.9",
        "@pixi/settings": "5.3.9",
        "@pixi/text": "5.3.9",
        "@pixi/ticker": "5.3.9"
      }
    },
    "node_modules/@pixi/runner": {
      "version": "5.3.9",
      "resolved": "https://registry.nlark.com/@pixi/runner/download/@pixi/runner-5.3.9.tgz",
      "integrity": "sha1-8PVwLC3zD0k03/zNntTGFRcqzKc="
    },
    "node_modules/@pixi/settings": {
      "version": "5.3.9",
      "resolved": "https://registry.nlark.com/@pixi/settings/download/@pixi/settings-5.3.9.tgz",
      "integrity": "sha1-PUuMZeem0IlBIJvH7hMR0SDAoUk=",
      "dependencies": {
        "ismobilejs": "^1.1.0"
      }
    },
    "node_modules/@pixi/sprite": {
      "version": "5.3.9",
      "resolved": "https://registry.nlark.com/@pixi/sprite/download/@pixi/sprite-5.3.9.tgz",
      "integrity": "sha1-RsxBxkEpoDvbxMlaSpsHJd34rNw=",
      "dependencies": {
        "@pixi/constants": "5.3.9",
        "@pixi/core": "5.3.9",
        "@pixi/display": "5.3.9",
        "@pixi/math": "5.3.9",
        "@pixi/settings": "5.3.9",
        "@pixi/utils": "5.3.9"
      }
    },
    "node_modules/@pixi/sprite-animated": {
      "version": "5.3.9",
      "resolved": "https://registry.nlark.com/@pixi/sprite-animated/download/@pixi/sprite-animated-5.3.9.tgz",
      "integrity": "sha1-xnehWq6clRCruvSNW5IcsyeBd0I=",
      "dependencies": {
        "@pixi/core": "5.3.9",
        "@pixi/sprite": "5.3.9",
        "@pixi/ticker": "5.3.9"
      }
    },
    "node_modules/@pixi/sprite-tiling": {
      "version": "5.3.9",
      "resolved": "https://registry.nlark.com/@pixi/sprite-tiling/download/@pixi/sprite-tiling-5.3.9.tgz",
      "integrity": "sha1-UWZDUAHHu/TQPL+eTST9tZj3Jkk=",
      "dependencies": {
        "@pixi/constants": "5.3.9",
        "@pixi/core": "5.3.9",
        "@pixi/display": "5.3.9",
        "@pixi/math": "5.3.9",
        "@pixi/sprite": "5.3.9",
        "@pixi/utils": "5.3.9"
      }
    },
    "node_modules/@pixi/spritesheet": {
      "version": "5.3.9",
      "resolved": "https://registry.nlark.com/@pixi/spritesheet/download/@pixi/spritesheet-5.3.9.tgz",
      "integrity": "sha1-M5g66x/X5h7ohB1/YNSMo8OAWXE=",
      "dependencies": {
        "@pixi/core": "5.3.9",
        "@pixi/loaders": "5.3.9",
        "@pixi/math": "5.3.9",
        "@pixi/utils": "5.3.9"
      }
    },
    "node_modules/@pixi/text": {
      "version": "5.3.9",
      "resolved": "https://registry.nlark.com/@pixi/text/download/@pixi/text-5.3.9.tgz",
      "integrity": "sha1-FfvSoZfdZejibMLX/JHVm5Bm474=",
      "dependencies": {
        "@pixi/core": "5.3.9",
        "@pixi/math": "5.3.9",
        "@pixi/settings": "5.3.9",
        "@pixi/sprite": "5.3.9",
        "@pixi/utils": "5.3.9"
      }
    },
    "node_modules/@pixi/text-bitmap": {
      "version": "5.3.9",
      "resolved": "https://registry.nlark.com/@pixi/text-bitmap/download/@pixi/text-bitmap-5.3.9.tgz",
      "integrity": "sha1-wuHeSHEHhGSiRPv9oQhD8OnxltM=",
      "dependencies": {
        "@pixi/core": "5.3.9",
        "@pixi/display": "5.3.9",
        "@pixi/loaders": "5.3.9",
        "@pixi/math": "5.3.9",
        "@pixi/mesh": "5.3.9",
        "@pixi/settings": "5.3.9",
        "@pixi/text": "5.3.9",
        "@pixi/utils": "5.3.9"
      }
    },
    "node_modules/@pixi/ticker": {
      "version": "5.3.9",
      "resolved": "https://registry.nlark.com/@pixi/ticker/download/@pixi/ticker-5.3.9.tgz",
      "integrity": "sha1-8STMLZwGhy2Pyk77wgdV3xgoQ1E=",
      "dependencies": {
        "@pixi/settings": "5.3.9"
      }
    },
    "node_modules/@pixi/utils": {
      "version": "5.3.9",
      "resolved": "https://registry.nlark.com/@pixi/utils/download/@pixi/utils-5.3.9.tgz",
      "integrity": "sha1-YHfHmyaEluc/4nFcaMkTm3Ml754=",
      "dependencies": {
        "@pixi/constants": "5.3.9",
        "@pixi/settings": "5.3.9",
        "earcut": "^2.1.5",
        "eventemitter3": "^3.1.0",
        "url": "^0.11.0"
      }
    },
    "node_modules/earcut": {
      "version": "2.2.2",
      "resolved": "https://registry.npm.taobao.org/earcut/download/earcut-2.2.2.tgz",
      "integrity": "sha1-QbC8NfY+D+gNp83f8oUR5+LoDRE="
    },
    "node_modules/es6-promise-polyfill": {
      "version": "1.2.0",
      "resolved": "https://registry.npm.taobao.org/es6-promise-polyfill/download/es6-promise-polyfill-1.2.0.tgz",
      "integrity": "sha1-84kl8jyz4+jObNqP93T867sJDN4="
    },
    "node_modules/eventemitter3": {
      "version": "3.1.2",
      "resolved": "https://registry.npm.taobao.org/eventemitter3/download/eventemitter3-3.1.2.tgz?cache=0&sync_timestamp=1598517724259&other_urls=https%3A%2F%2Fregistry.npm.taobao.org%2Feventemitter3%2Fdownload%2Feventemitter3-3.1.2.tgz",
      "integrity": "sha1-LT1I+cNGaY/Og6hdfWZOmFNd9uc="
    },
    "node_modules/ismobilejs": {
      "version": "1.1.1",
      "resolved": "https://registry.npm.taobao.org/ismobilejs/download/ismobilejs-1.1.1.tgz",
      "integrity": "sha1-xWygro5Sskyg8iul7zIVot27qg4="
    },
    "node_modules/matter-js": {
      "version": "0.17.1",
      "resolved": "https://registry.nlark.com/matter-js/download/matter-js-0.17.1.tgz",
      "integrity": "sha1-swrExwgRYlj7yqzS79ipTjSpHH8="
    },
    "node_modules/mini-signals": {
      "version": "1.2.0",
      "resolved": "https://registry.npm.taobao.org/mini-signals/download/mini-signals-1.2.0.tgz",
      "integrity": "sha1-RbCAE8X65RokqhqTXNMXye1yHXQ="
    },
    "node_modules/object-assign": {
      "version": "4.1.1",
      "resolved": "https://registry.nlark.com/object-assign/download/object-assign-4.1.1.tgz?cache=0&sync_timestamp=1618846992533&other_urls=https%3A%2F%2Fregistry.nlark.com%2Fobject-assign%2Fdownload%2Fobject-assign-4.1.1.tgz",
      "integrity": "sha1-IQmtx5ZYh8/AXLvUQsrIv7s2CGM=",
      "engines": {
        "node": ">=0.10.0"
      }
    },
    "node_modules/parse-uri": {
      "version": "1.0.3",
      "resolved": "https://registry.npm.taobao.org/parse-uri/download/parse-uri-1.0.3.tgz",
      "integrity": "sha1-88JKdJB6TjV8F0HpbKn6rez9bbU=",
      "engines": {
        "node": ">= 0.10"
      }
    },
    "node_modules/pixi.js": {
      "version": "5.2.0",
      "resolved": "https://registry.nlark.com/pixi.js/download/pixi.js-5.2.0.tgz",
      "integrity": "sha1-CX65CCXNKOQCMMd5mYh21XXQK2k=",
      "dependencies": {
        "@pixi/accessibility": "^5.2.0",
        "@pixi/app": "^5.2.0",
        "@pixi/constants": "^5.2.0",
        "@pixi/core": "^5.2.0",
        "@pixi/display": "^5.2.0",
        "@pixi/extract": "^5.2.0",
        "@pixi/filter-alpha": "^5.2.0",
        "@pixi/filter-blur": "^5.2.0",
        "@pixi/filter-color-matrix": "^5.2.0",
        "@pixi/filter-displacement": "^5.2.0",
        "@pixi/filter-fxaa": "^5.2.0",
        "@pixi/filter-noise": "^5.2.0",
        "@pixi/graphics": "^5.2.0",
        "@pixi/interaction": "^5.2.0",
        "@pixi/loaders": "^5.2.0",
        "@pixi/math": "^5.2.0",
        "@pixi/mesh": "^5.2.0",
        "@pixi/mesh-extras": "^5.2.0",
        "@pixi/mixin-cache-as-bitmap": "^5.2.0",
        "@pixi/mixin-get-child-by-name": "^5.2.0",
        "@pixi/mixin-get-global-position": "^5.2.0",
        "@pixi/particles": "^5.2.0",
        "@pixi/polyfill": "^5.2.0",
        "@pixi/prepare": "^5.2.0",
        "@pixi/runner": "^5.2.0",
        "@pixi/settings": "^5.2.0",
        "@pixi/sprite": "^5.2.0",
        "@pixi/sprite-animated": "^5.2.0",
        "@pixi/sprite-tiling": "^5.2.0",
        "@pixi/spritesheet": "^5.2.0",
        "@pixi/text": "^5.2.0",
        "@pixi/text-bitmap": "^5.2.0",
        "@pixi/ticker": "^5.2.0",
        "@pixi/utils": "^5.2.0"
      }
    },
    "node_modules/punycode": {
      "version": "1.3.2",
      "resolved": "https://registry.nlark.com/punycode/download/punycode-1.3.2.tgz",
      "integrity": "sha1-llOgNvt8HuQjQvIyXM7v6jkmxI0="
    },
    "node_modules/querystring": {
      "version": "0.2.0",
      "resolved": "https://registry.npm.taobao.org/querystring/download/querystring-0.2.0.tgz",
      "integrity": "sha1-sgmEkgO7Jd+CDadW50cAWHhSFiA=",
      "engines": {
        "node": ">=0.4.x"
      }
    },
    "node_modules/resource-loader": {
      "version": "3.0.1",
      "resolved": "https://registry.npm.taobao.org/resource-loader/download/resource-loader-3.0.1.tgz",
      "integrity": "sha1-MzVbtUIeKZT1lFS7x/bb/43wbUc=",
      "dependencies": {
        "mini-signals": "^1.2.0",
        "parse-uri": "^1.0.0"
      }
    },
    "node_modules/url": {
      "version": "0.11.0",
      "resolved": "https://registry.npm.taobao.org/url/download/url-0.11.0.tgz",
      "integrity": "sha1-ODjpfPxgUh63PFJajlW/3Z4uKPE=",
      "dependencies": {
        "punycode": "1.3.2",
        "querystring": "0.2.0"
      }
    }
  },
  "dependencies": {
    "@pixi/accessibility": {
      "version": "5.3.9",
      "resolved": "https://registry.nlark.com/@pixi/accessibility/download/@pixi/accessibility-5.3.9.tgz",
      "integrity": "sha1-wJHOSPWrRqMCb0a8hs+MCTKaYR4=",
      "requires": {
        "@pixi/core": "5.3.9",
        "@pixi/display": "5.3.9",
        "@pixi/utils": "5.3.9"
      }
    },
    "@pixi/app": {
      "version": "5.3.9",
      "resolved": "https://registry.nlark.com/@pixi/app/download/@pixi/app-5.3.9.tgz",
      "integrity": "sha1-0h6eDMF2cco4NlKnY0Zx9A/91VA=",
      "requires": {
        "@pixi/core": "5.3.9",
        "@pixi/display": "5.3.9"
      }
    },
    "@pixi/constants": {
      "version": "5.3.9",
      "resolved": "https://registry.nlark.com/@pixi/constants/download/@pixi/constants-5.3.9.tgz",
      "integrity": "sha1-WHvtfxEJdbCwrGKOa0QRqlgvfgA="
    },
    "@pixi/core": {
      "version": "5.3.9",
      "resolved": "https://registry.nlark.com/@pixi/core/download/@pixi/core-5.3.9.tgz",
      "integrity": "sha1-18YVaZssw4PthC2TUKKRoTvHCxA=",
      "requires": {
        "@pixi/constants": "5.3.9",
        "@pixi/math": "5.3.9",
        "@pixi/runner": "5.3.9",
        "@pixi/settings": "5.3.9",
        "@pixi/ticker": "5.3.9",
        "@pixi/utils": "5.3.9"
      }
    },
    "@pixi/display": {
      "version": "5.3.9",
      "resolved": "https://registry.nlark.com/@pixi/display/download/@pixi/display-5.3.9.tgz",
      "integrity": "sha1-xnmcFIzvUW9yGPFGPxzqyO4A4o0=",
      "requires": {
        "@pixi/math": "5.3.9",
        "@pixi/settings": "5.3.9",
        "@pixi/utils": "5.3.9"
      }
    },
    "@pixi/extract": {
      "version": "5.3.9",
      "resolved": "https://registry.nlark.com/@pixi/extract/download/@pixi/extract-5.3.9.tgz",
      "integrity": "sha1-ZDBL+SQxHR7BMN30IaofSsX3sUQ=",
      "requires": {
        "@pixi/core": "5.3.9",
        "@pixi/math": "5.3.9",
        "@pixi/utils": "5.3.9"
      }
    },
    "@pixi/filter-alpha": {
      "version": "5.3.9",
      "resolved": "https://registry.nlark.com/@pixi/filter-alpha/download/@pixi/filter-alpha-5.3.9.tgz",
      "integrity": "sha1-QJ4yL0Rm3f0M42RRHzO+OwQ31F8=",
      "requires": {
        "@pixi/core": "5.3.9"
      }
    },
    "@pixi/filter-blur": {
      "version": "5.3.9",
      "resolved": "https://registry.nlark.com/@pixi/filter-blur/download/@pixi/filter-blur-5.3.9.tgz",
      "integrity": "sha1-mbuiK1fTa8Ly915/Rv3f0JVkBdY=",
      "requires": {
        "@pixi/core": "5.3.9",
        "@pixi/settings": "5.3.9"
      }
    },
    "@pixi/filter-color-matrix": {
      "version": "5.3.9",
      "resolved": "https://registry.nlark.com/@pixi/filter-color-matrix/download/@pixi/filter-color-matrix-5.3.9.tgz",
      "integrity": "sha1-JpFM5Fz+vJgGdDX9QnVfRFSiiHc=",
      "requires": {
        "@pixi/core": "5.3.9"
      }
    },
    "@pixi/filter-displacement": {
      "version": "5.3.9",
      "resolved": "https://registry.nlark.com/@pixi/filter-displacement/download/@pixi/filter-displacement-5.3.9.tgz",
      "integrity": "sha1-G9LH7wBiB2ZN5fZEv/zHGhDVhxY=",
      "requires": {
        "@pixi/core": "5.3.9",
        "@pixi/math": "5.3.9"
      }
    },
    "@pixi/filter-fxaa": {
      "version": "5.3.9",
      "resolved": "https://registry.nlark.com/@pixi/filter-fxaa/download/@pixi/filter-fxaa-5.3.9.tgz",
      "integrity": "sha1-/mMCPJ8L1jvtMq2R9Ul2Q3tQAvE=",
      "requires": {
        "@pixi/core": "5.3.9"
      }
    },
    "@pixi/filter-noise": {
      "version": "5.3.9",
      "resolved": "https://registry.nlark.com/@pixi/filter-noise/download/@pixi/filter-noise-5.3.9.tgz",
      "integrity": "sha1-f2cPoqg4NYB4/angueyljEQHEyE=",
      "requires": {
        "@pixi/core": "5.3.9"
      }
    },
    "@pixi/graphics": {
      "version": "5.3.9",
      "resolved": "https://registry.nlark.com/@pixi/graphics/download/@pixi/graphics-5.3.9.tgz",
      "integrity": "sha1-v5qORHqli3UyYpGpYeWT3OSFLYc=",
      "requires": {
        "@pixi/constants": "5.3.9",
        "@pixi/core": "5.3.9",
        "@pixi/display": "5.3.9",
        "@pixi/math": "5.3.9",
        "@pixi/sprite": "5.3.9",
        "@pixi/utils": "5.3.9"
      }
    },
    "@pixi/interaction": {
      "version": "5.3.9",
      "resolved": "https://registry.nlark.com/@pixi/interaction/download/@pixi/interaction-5.3.9.tgz",
      "integrity": "sha1-t0jW4LhRfFCFSgruqQ/6W3iBc/4=",
      "requires": {
        "@pixi/core": "5.3.9",
        "@pixi/display": "5.3.9",
        "@pixi/math": "5.3.9",
        "@pixi/ticker": "5.3.9",
        "@pixi/utils": "5.3.9"
      }
    },
    "@pixi/loaders": {
      "version": "5.3.9",
      "resolved": "https://registry.nlark.com/@pixi/loaders/download/@pixi/loaders-5.3.9.tgz",
      "integrity": "sha1-hIytLlRfQrzj+ehBtVDzKGO0lG4=",
      "requires": {
        "@pixi/core": "5.3.9",
        "@pixi/utils": "5.3.9",
        "resource-loader": "^3.0.1"
      }
    },
    "@pixi/math": {
      "version": "5.3.9",
      "resolved": "https://registry.nlark.com/@pixi/math/download/@pixi/math-5.3.9.tgz",
      "integrity": "sha1-an3r2uy4L1TgXSqixHBXdXAJvlQ="
    },
    "@pixi/mesh": {
      "version": "5.3.9",
      "resolved": "https://registry.nlark.com/@pixi/mesh/download/@pixi/mesh-5.3.9.tgz",
      "integrity": "sha1-HAGvKwc7fpbMzi/4CeSVrM1OVM0=",
      "requires": {
        "@pixi/constants": "5.3.9",
        "@pixi/core": "5.3.9",
        "@pixi/display": "5.3.9",
        "@pixi/math": "5.3.9",
        "@pixi/settings": "5.3.9",
        "@pixi/utils": "5.3.9"
      }
    },
    "@pixi/mesh-extras": {
      "version": "5.3.9",
      "resolved": "https://registry.nlark.com/@pixi/mesh-extras/download/@pixi/mesh-extras-5.3.9.tgz",
      "integrity": "sha1-wiGf7pyWO5KRr1czG/g+K8PweZE=",
      "requires": {
        "@pixi/constants": "5.3.9",
        "@pixi/core": "5.3.9",
        "@pixi/math": "5.3.9",
        "@pixi/mesh": "5.3.9",
        "@pixi/utils": "5.3.9"
      }
    },
    "@pixi/mixin-cache-as-bitmap": {
      "version": "5.3.9",
      "resolved": "https://registry.nlark.com/@pixi/mixin-cache-as-bitmap/download/@pixi/mixin-cache-as-bitmap-5.3.9.tgz",
      "integrity": "sha1-pp/CDLBeqw1MCWIBlaZSzPShP/4=",
      "requires": {
        "@pixi/core": "5.3.9",
        "@pixi/display": "5.3.9",
        "@pixi/math": "5.3.9",
        "@pixi/settings": "5.3.9",
        "@pixi/sprite": "5.3.9",
        "@pixi/utils": "5.3.9"
      }
    },
    "@pixi/mixin-get-child-by-name": {
      "version": "5.3.9",
      "resolved": "https://registry.nlark.com/@pixi/mixin-get-child-by-name/download/@pixi/mixin-get-child-by-name-5.3.9.tgz",
      "integrity": "sha1-pf61Ai+WkbnJpSIdpRIgLCFb938=",
      "requires": {
        "@pixi/display": "5.3.9"
      }
    },
    "@pixi/mixin-get-global-position": {
      "version": "5.3.9",
      "resolved": "https://registry.nlark.com/@pixi/mixin-get-global-position/download/@pixi/mixin-get-global-position-5.3.9.tgz",
      "integrity": "sha1-qMN2O6fF2hGdLGarn27W27QmoeA=",
      "requires": {
        "@pixi/display": "5.3.9",
        "@pixi/math": "5.3.9"
      }
    },
    "@pixi/particles": {
      "version": "5.3.9",
      "resolved": "https://registry.nlark.com/@pixi/particles/download/@pixi/particles-5.3.9.tgz",
      "integrity": "sha1-nqzxWngD0DlHTYiYRKPyUiE72so=",
      "requires": {
        "@pixi/constants": "5.3.9",
        "@pixi/core": "5.3.9",
        "@pixi/display": "5.3.9",
        "@pixi/math": "5.3.9",
        "@pixi/utils": "5.3.9"
      }
    },
    "@pixi/polyfill": {
      "version": "5.3.9",
      "resolved": "https://registry.nlark.com/@pixi/polyfill/download/@pixi/polyfill-5.3.9.tgz",
      "integrity": "sha1-+coFoiOcWIZYf5e4v0svorNA5jA=",
      "requires": {
        "es6-promise-polyfill": "^1.2.0",
        "object-assign": "^4.1.1"
      }
    },
    "@pixi/prepare": {
      "version": "5.3.9",
      "resolved": "https://registry.nlark.com/@pixi/prepare/download/@pixi/prepare-5.3.9.tgz",
      "integrity": "sha1-CDzXyJ7kBEV87+usWPcrqzWcDBw=",
      "requires": {
        "@pixi/core": "5.3.9",
        "@pixi/display": "5.3.9",
        "@pixi/graphics": "5.3.9",
        "@pixi/settings": "5.3.9",
        "@pixi/text": "5.3.9",
        "@pixi/ticker": "5.3.9"
      }
    },
    "@pixi/runner": {
      "version": "5.3.9",
      "resolved": "https://registry.nlark.com/@pixi/runner/download/@pixi/runner-5.3.9.tgz",
      "integrity": "sha1-8PVwLC3zD0k03/zNntTGFRcqzKc="
    },
    "@pixi/settings": {
      "version": "5.3.9",
      "resolved": "https://registry.nlark.com/@pixi/settings/download/@pixi/settings-5.3.9.tgz",
      "integrity": "sha1-PUuMZeem0IlBIJvH7hMR0SDAoUk=",
      "requires": {
        "ismobilejs": "^1.1.0"
      }
    },
    "@pixi/sprite": {
      "version": "5.3.9",
      "resolved": "https://registry.nlark.com/@pixi/sprite/download/@pixi/sprite-5.3.9.tgz",
      "integrity": "sha1-RsxBxkEpoDvbxMlaSpsHJd34rNw=",
      "requires": {
        "@pixi/constants": "5.3.9",
        "@pixi/core": "5.3.9",
        "@pixi/display": "5.3.9",
        "@pixi/math": "5.3.9",
        "@pixi/settings": "5.3.9",
        "@pixi/utils": "5.3.9"
      }
    },
    "@pixi/sprite-animated": {
      "version": "5.3.9",
      "resolved": "https://registry.nlark.com/@pixi/sprite-animated/download/@pixi/sprite-animated-5.3.9.tgz",
      "integrity": "sha1-xnehWq6clRCruvSNW5IcsyeBd0I=",
      "requires": {
        "@pixi/core": "5.3.9",
        "@pixi/sprite": "5.3.9",
        "@pixi/ticker": "5.3.9"
      }
    },
    "@pixi/sprite-tiling": {
      "version": "5.3.9",
      "resolved": "https://registry.nlark.com/@pixi/sprite-tiling/download/@pixi/sprite-tiling-5.3.9.tgz",
      "integrity": "sha1-UWZDUAHHu/TQPL+eTST9tZj3Jkk=",
      "requires": {
        "@pixi/constants": "5.3.9",
        "@pixi/core": "5.3.9",
        "@pixi/display": "5.3.9",
        "@pixi/math": "5.3.9",
        "@pixi/sprite": "5.3.9",
        "@pixi/utils": "5.3.9"
      }
    },
    "@pixi/spritesheet": {
      "version": "5.3.9",
      "resolved": "https://registry.nlark.com/@pixi/spritesheet/download/@pixi/spritesheet-5.3.9.tgz",
      "integrity": "sha1-M5g66x/X5h7ohB1/YNSMo8OAWXE=",
      "requires": {
        "@pixi/core": "5.3.9",
        "@pixi/loaders": "5.3.9",
        "@pixi/math": "5.3.9",
        "@pixi/utils": "5.3.9"
      }
    },
    "@pixi/text": {
      "version": "5.3.9",
      "resolved": "https://registry.nlark.com/@pixi/text/download/@pixi/text-5.3.9.tgz",
      "integrity": "sha1-FfvSoZfdZejibMLX/JHVm5Bm474=",
      "requires": {
        "@pixi/core": "5.3.9",
        "@pixi/math": "5.3.9",
        "@pixi/settings": "5.3.9",
        "@pixi/sprite": "5.3.9",
        "@pixi/utils": "5.3.9"
      }
    },
    "@pixi/text-bitmap": {
      "version": "5.3.9",
      "resolved": "https://registry.nlark.com/@pixi/text-bitmap/download/@pixi/text-bitmap-5.3.9.tgz",
      "integrity": "sha1-wuHeSHEHhGSiRPv9oQhD8OnxltM=",
      "requires": {
        "@pixi/core": "5.3.9",
        "@pixi/display": "5.3.9",
        "@pixi/loaders": "5.3.9",
        "@pixi/math": "5.3.9",
        "@pixi/mesh": "5.3.9",
        "@pixi/settings": "5.3.9",
        "@pixi/text": "5.3.9",
        "@pixi/utils": "5.3.9"
      }
    },
    "@pixi/ticker": {
      "version": "5.3.9",
      "resolved": "https://registry.nlark.com/@pixi/ticker/download/@pixi/ticker-5.3.9.tgz",
      "integrity": "sha1-8STMLZwGhy2Pyk77wgdV3xgoQ1E=",
      "requires": {
        "@pixi/settings": "5.3.9"
      }
    },
    "@pixi/utils": {
      "version": "5.3.9",
      "resolved": "https://registry.nlark.com/@pixi/utils/download/@pixi/utils-5.3.9.tgz",
      "integrity": "sha1-YHfHmyaEluc/4nFcaMkTm3Ml754=",
      "requires": {
        "@pixi/constants": "5.3.9",
        "@pixi/settings": "5.3.9",
        "earcut": "^2.1.5",
        "eventemitter3": "^3.1.0",
        "url": "^0.11.0"
      }
    },
    "earcut": {
      "version": "2.2.2",
      "resolved": "https://registry.npm.taobao.org/earcut/download/earcut-2.2.2.tgz",
      "integrity": "sha1-QbC8NfY+D+gNp83f8oUR5+LoDRE="
    },
    "es6-promise-polyfill": {
      "version": "1.2.0",
      "resolved": "https://registry.npm.taobao.org/es6-promise-polyfill/download/es6-promise-polyfill-1.2.0.tgz",
      "integrity": "sha1-84kl8jyz4+jObNqP93T867sJDN4="
    },
    "eventemitter3": {
      "version": "3.1.2",
      "resolved": "https://registry.npm.taobao.org/eventemitter3/download/eventemitter3-3.1.2.tgz?cache=0&sync_timestamp=1598517724259&other_urls=https%3A%2F%2Fregistry.npm.taobao.org%2Feventemitter3%2Fdownload%2Feventemitter3-3.1.2.tgz",
      "integrity": "sha1-LT1I+cNGaY/Og6hdfWZOmFNd9uc="
    },
    "ismobilejs": {
      "version": "1.1.1",
      "resolved": "https://registry.npm.taobao.org/ismobilejs/download/ismobilejs-1.1.1.tgz",
      "integrity": "sha1-xWygro5Sskyg8iul7zIVot27qg4="
    },
    "matter-js": {
      "version": "0.17.1",
      "resolved": "https://registry.nlark.com/matter-js/download/matter-js-0.17.1.tgz",
      "integrity": "sha1-swrExwgRYlj7yqzS79ipTjSpHH8="
    },
    "mini-signals": {
      "version": "1.2.0",
      "resolved": "https://registry.npm.taobao.org/mini-signals/download/mini-signals-1.2.0.tgz",
      "integrity": "sha1-RbCAE8X65RokqhqTXNMXye1yHXQ="
    },
    "object-assign": {
      "version": "4.1.1",
      "resolved": "https://registry.nlark.com/object-assign/download/object-assign-4.1.1.tgz?cache=0&sync_timestamp=1618846992533&other_urls=https%3A%2F%2Fregistry.nlark.com%2Fobject-assign%2Fdownload%2Fobject-assign-4.1.1.tgz",
      "integrity": "sha1-IQmtx5ZYh8/AXLvUQsrIv7s2CGM="
    },
    "parse-uri": {
      "version": "1.0.3",
      "resolved": "https://registry.npm.taobao.org/parse-uri/download/parse-uri-1.0.3.tgz",
      "integrity": "sha1-88JKdJB6TjV8F0HpbKn6rez9bbU="
    },
    "pixi.js": {
      "version": "5.2.0",
      "resolved": "https://registry.nlark.com/pixi.js/download/pixi.js-5.2.0.tgz",
      "integrity": "sha1-CX65CCXNKOQCMMd5mYh21XXQK2k=",
      "requires": {
        "@pixi/accessibility": "^5.2.0",
        "@pixi/app": "^5.2.0",
        "@pixi/constants": "^5.2.0",
        "@pixi/core": "^5.2.0",
        "@pixi/display": "^5.2.0",
        "@pixi/extract": "^5.2.0",
        "@pixi/filter-alpha": "^5.2.0",
        "@pixi/filter-blur": "^5.2.0",
        "@pixi/filter-color-matrix": "^5.2.0",
        "@pixi/filter-displacement": "^5.2.0",
        "@pixi/filter-fxaa": "^5.2.0",
        "@pixi/filter-noise": "^5.2.0",
        "@pixi/graphics": "^5.2.0",
        "@pixi/interaction": "^5.2.0",
        "@pixi/loaders": "^5.2.0",
        "@pixi/math": "^5.2.0",
        "@pixi/mesh": "^5.2.0",
        "@pixi/mesh-extras": "^5.2.0",
        "@pixi/mixin-cache-as-bitmap": "^5.2.0",
        "@pixi/mixin-get-child-by-name": "^5.2.0",
        "@pixi/mixin-get-global-position": "^5.2.0",
        "@pixi/particles": "^5.2.0",
        "@pixi/polyfill": "^5.2.0",
        "@pixi/prepare": "^5.2.0",
        "@pixi/runner": "^5.2.0",
        "@pixi/settings": "^5.2.0",
        "@pixi/sprite": "^5.2.0",
        "@pixi/sprite-animated": "^5.2.0",
        "@pixi/sprite-tiling": "^5.2.0",
        "@pixi/spritesheet": "^5.2.0",
        "@pixi/text": "^5.2.0",
        "@pixi/text-bitmap": "^5.2.0",
        "@pixi/ticker": "^5.2.0",
        "@pixi/utils": "^5.2.0"
      }
    },
    "punycode": {
      "version": "1.3.2",
      "resolved": "https://registry.nlark.com/punycode/download/punycode-1.3.2.tgz",
      "integrity": "sha1-llOgNvt8HuQjQvIyXM7v6jkmxI0="
    },
    "querystring": {
      "version": "0.2.0",
      "resolved": "https://registry.npm.taobao.org/querystring/download/querystring-0.2.0.tgz",
      "integrity": "sha1-sgmEkgO7Jd+CDadW50cAWHhSFiA="
    },
    "resource-loader": {
      "version": "3.0.1",
      "resolved": "https://registry.npm.taobao.org/resource-loader/download/resource-loader-3.0.1.tgz",
      "integrity": "sha1-MzVbtUIeKZT1lFS7x/bb/43wbUc=",
      "requires": {
        "mini-signals": "^1.2.0",
        "parse-uri": "^1.0.0"
      }
    },
    "url": {
      "version": "0.11.0",
      "resolved": "https://registry.npm.taobao.org/url/download/url-0.11.0.tgz",
      "integrity": "sha1-ODjpfPxgUh63PFJajlW/3Z4uKPE=",
      "requires": {
        "punycode": "1.3.2",
        "querystring": "0.2.0"
      }
    }
  }
}
